{
  "name": "workspace_files",
  "lockfileVersion": 3,
  "requires": true,
  "packages": {
    "": {
      "dependencies": {
        "opencode-ai": "1.3.7"
      },
      "devDependencies": {}
    },
    "node_modules/opencode-ai": {
      "version": "1.3.7",
      "resolved": "https://registry.npmjs.org/opencode-ai/-/opencode-ai-1.3.7.tgz",
      "integrity": "sha512-AtqTOcPvHkAF/zPGs/08/8m2DeiWADCGhT/WAJ1drGem4WdPOt45jkJLPdOCheN1gqmLxTcNV0veKFVHmbjKKQ==",
      "hasInstallScript": true,
      "license": "MIT",
      "bin": {
        "opencode": "bin/opencode"
      },
      "optionalDependencies": {
        "opencode-darwin-arm64": "1.3.7",
        "opencode-darwin-x64": "1.3.7",
        "opencode-darwin-x64-baseline": "1.3.7",
        "opencode-linux-arm64": "1.3.7",
        "opencode-linux-arm64-musl": "1.3.7",
        "opencode-linux-x64": "1.3.7",
        "opencode-linux-x64-baseline": "1.3.7",
        "opencode-linux-x64-baseline-musl": "1.3.7",
        "opencode-linux-x64-musl": "1.3.7",
        "opencode-windows-arm64": "1.3.7",
        "opencode-windows-x64": "1.3.7",
        "opencode-windows-x64-baseline": "1.3.7"
      }
    },
    "node_modules/opencode-darwin-arm64": {
      "version": "1.3.7",
      "resolved": "https://registry.npmjs.org/opencode-darwin-arm64/-/opencode-darwin-arm64-1.3.7.tgz",
      "integrity": "sha512-TRglBnrSzeR9pEFV8Z1ACqhD3r3WYl8v1y9TkgvHviTD/EXGL3Nu7f/fy3XOQprPGSLPyrlOwZXb1i9XrfTo1A==",
      "cpu": [
        "arm64"
      ],
      "optional": true,
      "os": [
        "darwin"
      ]
    }
  }
}
