{
  "name": "workspace_files",
  "lockfileVersion": 3,
  "requires": true,
  "packages": {
    "": {
      "dependencies": {
        "opencode-ai": "https://github.com/rishabhpoddar/opencode/releases/download/teamcopilot-1.3.7-changes-202605280640/opencode-ai.tgz"
      },
      "devDependencies": {}
    },
    "node_modules/opencode-ai": {
      "version": "0.0.0-teamcopilot-1.3.7-changes-202605280640",
      "resolved": "https://github.com/rishabhpoddar/opencode/releases/download/teamcopilot-1.3.7-changes-202605280640/opencode-ai.tgz",
      "integrity": "sha512-WLBQ/OxLdRooficvKX00NG//s96QhmjriTwHMN15NC+j6NCQ9ydufanIWjqhaIrr3mz2JBeMcpr1qhq1yxGF5w==",
      "hasInstallScript": true,
      "license": "MIT",
      "bin": {
        "opencode": "bin/opencode"
      }
    }
  }
}
