{
  "name": "workspace_files",
  "lockfileVersion": 3,
  "requires": true,
  "packages": {
    "": {
      "dependencies": {
        "opencode-ai": "https://github.com/rishabhpoddar/opencode/releases/download/teamcopilot-1.3.7-changes-202605271157/opencode-ai.tgz"
      },
      "devDependencies": {}
    },
    "node_modules/opencode-ai": {
      "version": "0.0.0-teamcopilot-1.3.7-changes-202605271157",
      "resolved": "https://github.com/rishabhpoddar/opencode/releases/download/teamcopilot-1.3.7-changes-202605271157/opencode-ai.tgz",
      "integrity": "sha512-oUzX8x8wSbGAcBloVtvJAc8hiEhGDfs/Fvd9ggPKBTdH1dIT9iNBtAHfhh5mzuNwomd5j5awe3lESiY4/+FeeA==",
      "hasInstallScript": true,
      "license": "MIT",
      "bin": {
        "opencode": "bin/opencode"
      }
    }
  }
}
